
Microsoft Visual Studio Solution File, Format Version 12.00
# Visual Studio 2012
Project("{2150E333-8FDC-42A3-9474-1A3956D46DE8}") = "Common", "Common", "{9585265F-067F-4129-9FC5-1101329C89B3}"
EndProject
Project("{2150E333-8FDC-42A3-9474-1A3956D46DE8}") = "Domain", "Domain", "{A3C1696F-FC35-485A-BC3E-2B042D589763}"
EndProject
Project("{2150E333-8FDC-42A3-9474-1A3956D46DE8}") = "Repositories", "Repositories", "{FECD25D7-8759-4BE4-99BF-CB2B2BFA27B8}"
EndProject
Project("{2150E333-8FDC-42A3-9474-1A3956D46DE8}") = "Services", "Services", "{4E70EEE2-0C84-42E5-94A5-ACAF38C1C01D}"
EndProject
Project("{2150E333-8FDC-42A3-9474-1A3956D46DE8}") = "UI", "UI", "{AC474262-BBD5-41B2-A9B7-D8E974641224}"
EndProject
Project("{FAE04EC0-301F-11D3-BF4B-00C04F79EFBC}") = "Model", "Model\Model.csproj", "{88BD475E-F08C-4A15-9E0D-EF37E054483A}"
EndProject
Project("{FAE04EC0-301F-11D3-BF4B-00C04F79EFBC}") = "Data", "Data\Data.csproj", "{33A8C696-A747-47F8-95F0-F37C5DA71836}"
EndProject
Project("{FAE04EC0-301F-11D3-BF4B-00C04F79EFBC}") = "Data.EF", "Data.EF\Data.EF.csproj", "{F7C3F137-7ED2-45F7-819E-6DB930EF372E}"
EndProject
Project("{FAE04EC0-301F-11D3-BF4B-00C04F79EFBC}") = "Contracts", "Contracts\Contracts.csproj", "{07464FD7-3403-4188-817E-8165DBAD7971}"
EndProject
Project("{FAE04EC0-301F-11D3-BF4B-00C04F79EFBC}") = "Services", "Services\Services.csproj", "{EBF187BB-8C26-467B-8353-CE1619BC1501}"
EndProject
Project("{FAE04EC0-301F-11D3-BF4B-00C04F79EFBC}") = "SalesManagement.MvcApplication", "SalesManagement.MvcApplication\SalesManagement.MvcApplication.csproj", "{71CF4157-458F-4AAA-B3DE-C61A5B26AB46}"
EndProject
Project("{FAE04EC0-301F-11D3-BF4B-00C04F79EFBC}") = "Common", "Common\Common.csproj", "{1FB9913B-12CD-4772-9CBC-823E9AAFEDE9}"
EndProject
Global
	GlobalSection(SolutionConfigurationPlatforms) = preSolution
		Debug|Any CPU = Debug|Any CPU
		Release|Any CPU = Release|Any CPU
	EndGlobalSection
	GlobalSection(ProjectConfigurationPlatforms) = postSolution
		{88BD475E-F08C-4A15-9E0D-EF37E054483A}.Debug|Any CPU.ActiveCfg = Debug|Any CPU
		{88BD475E-F08C-4A15-9E0D-EF37E054483A}.Debug|Any CPU.Build.0 = Debug|Any CPU
		{88BD475E-F08C-4A15-9E0D-EF37E054483A}.Release|Any CPU.ActiveCfg = Release|Any CPU
		{88BD475E-F08C-4A15-9E0D-EF37E054483A}.Release|Any CPU.Build.0 = Release|Any CPU
		{33A8C696-A747-47F8-95F0-F37C5DA71836}.Debug|Any CPU.ActiveCfg = Debug|Any CPU
		{33A8C696-A747-47F8-95F0-F37C5DA71836}.Debug|Any CPU.Build.0 = Debug|Any CPU
		{33A8C696-A747-47F8-95F0-F37C5DA71836}.Release|Any CPU.ActiveCfg = Release|Any CPU
		{33A8C696-A747-47F8-95F0-F37C5DA71836}.Release|Any CPU.Build.0 = Release|Any CPU
		{F7C3F137-7ED2-45F7-819E-6DB930EF372E}.Debug|Any CPU.ActiveCfg = Debug|Any CPU
		{F7C3F137-7ED2-45F7-819E-6DB930EF372E}.Debug|Any CPU.Build.0 = Debug|Any CPU
		{F7C3F137-7ED2-45F7-819E-6DB930EF372E}.Release|Any CPU.ActiveCfg = Release|Any CPU
		{F7C3F137-7ED2-45F7-819E-6DB930EF372E}.Release|Any CPU.Build.0 = Release|Any CPU
		{07464FD7-3403-4188-817E-8165DBAD7971}.Debug|Any CPU.ActiveCfg = Debug|Any CPU
		{07464FD7-3403-4188-817E-8165DBAD7971}.Debug|Any CPU.Build.0 = Debug|Any CPU
		{07464FD7-3403-4188-817E-8165DBAD7971}.Release|Any CPU.ActiveCfg = Release|Any CPU
		{07464FD7-3403-4188-817E-8165DBAD7971}.Release|Any CPU.Build.0 = Release|Any CPU
		{EBF187BB-8C26-467B-8353-CE1619BC1501}.Debug|Any CPU.ActiveCfg = Debug|Any CPU
		{EBF187BB-8C26-467B-8353-CE1619BC1501}.Debug|Any CPU.Build.0 = Debug|Any CPU
		{EBF187BB-8C26-467B-8353-CE1619BC1501}.Release|Any CPU.ActiveCfg = Release|Any CPU
		{EBF187BB-8C26-467B-8353-CE1619BC1501}.Release|Any CPU.Build.0 = Release|Any CPU
		{71CF4157-458F-4AAA-B3DE-C61A5B26AB46}.Debug|Any CPU.ActiveCfg = Debug|Any CPU
		{71CF4157-458F-4AAA-B3DE-C61A5B26AB46}.Debug|Any CPU.Build.0 = Debug|Any CPU
		{71CF4157-458F-4AAA-B3DE-C61A5B26AB46}.Release|Any CPU.ActiveCfg = Release|Any CPU
		{71CF4157-458F-4AAA-B3DE-C61A5B26AB46}.Release|Any CPU.Build.0 = Release|Any CPU
		{1FB9913B-12CD-4772-9CBC-823E9AAFEDE9}.Debug|Any CPU.ActiveCfg = Debug|Any CPU
		{1FB9913B-12CD-4772-9CBC-823E9AAFEDE9}.Debug|Any CPU.Build.0 = Debug|Any CPU
		{1FB9913B-12CD-4772-9CBC-823E9AAFEDE9}.Release|Any CPU.ActiveCfg = Release|Any CPU
		{1FB9913B-12CD-4772-9CBC-823E9AAFEDE9}.Release|Any CPU.Build.0 = Release|Any CPU
	EndGlobalSection
	GlobalSection(SolutionProperties) = preSolution
		HideSolutionNode = FALSE
	EndGlobalSection
	GlobalSection(NestedProjects) = preSolution
		{1FB9913B-12CD-4772-9CBC-823E9AAFEDE9} = {9585265F-067F-4129-9FC5-1101329C89B3}
		{88BD475E-F08C-4A15-9E0D-EF37E054483A} = {A3C1696F-FC35-485A-BC3E-2B042D589763}
		{33A8C696-A747-47F8-95F0-F37C5DA71836} = {FECD25D7-8759-4BE4-99BF-CB2B2BFA27B8}
		{F7C3F137-7ED2-45F7-819E-6DB930EF372E} = {FECD25D7-8759-4BE4-99BF-CB2B2BFA27B8}
		{07464FD7-3403-4188-817E-8165DBAD7971} = {4E70EEE2-0C84-42E5-94A5-ACAF38C1C01D}
		{EBF187BB-8C26-467B-8353-CE1619BC1501} = {4E70EEE2-0C84-42E5-94A5-ACAF38C1C01D}
		{71CF4157-458F-4AAA-B3DE-C61A5B26AB46} = {AC474262-BBD5-41B2-A9B7-D8E974641224}
	EndGlobalSection
EndGlobal
